
Microsoft Visual Studio Solution File, Format Version 12.00
# Visual Studio Version 17
VisualStudioVersion = 17.4.33122.133
MinimumVisualStudioVersion = 10.0.40219.1
Project("{FAE04EC0-301F-11D3-BF4B-00C04F79EFBC}") = "Suleymanov_lab10", "Suleymanov_lab10\Suleymanov_lab10.csproj", "{1FDE6FEE-530C-4050-94E8-4CE7442FBF28}"
EndProject
Global
	GlobalSection(SolutionConfigurationPlatforms) = preSolution
		Debug|Any CPU = Debug|Any CPU
		Release|Any CPU = Release|Any CPU
	EndGlobalSection
	GlobalSection(ProjectConfigurationPlatforms) = postSolution
		{1FDE6FEE-530C-4050-94E8-4CE7442FBF28}.Debug|Any CPU.ActiveCfg = Debug|Any CPU
		{1FDE6FEE-530C-4050-94E8-4CE7442FBF28}.Debug|Any CPU.Build.0 = Debug|Any CPU
		{1FDE6FEE-530C-4050-94E8-4CE7442FBF28}.Release|Any CPU.ActiveCfg = Release|Any CPU
		{1FDE6FEE-530C-4050-94E8-4CE7442FBF28}.Release|Any CPU.Build.0 = Release|Any CPU
	EndGlobalSection
	GlobalSection(SolutionProperties) = preSolution
		HideSolutionNode = FALSE
	EndGlobalSection
	GlobalSection(ExtensibilityGlobals) = postSolution
		SolutionGuid = {2F8EC6DA-C150-4B9A-AA7D-91BCAF06937E}
	EndGlobalSection
EndGlobal
